// !$*UTF8*$!
{
	archiveVersion = 1;
	classes = {
	};
	objectVersion = 56;
	objects = {

/* Begin PBXBuildFile section */
		9D4FF0D12B9344BB00C04DCC /* ConcurrencyExampleApp.swift in Sources */ = {isa = PBXBuildFile; fileRef = 9D4FF0D02B9344BB00C04DCC /* ConcurrencyExampleApp.swift */; };
		9D4FF0D32B9344BB00C04DCC /* ContentView.swift in Sources */ = {isa = PBXBuildFile; fileRef = 9D4FF0D22B9344BB00C04DCC /* ContentView.swift */; };
		9D4FF0D52B9344BC00C04DCC /* Assets.xcassets in Resources */ = {isa = PBXBuildFile; fileRef = 9D4FF0D42B9344BC00C04DCC /* Assets.xcassets */; };
		9D4FF0D82B9344BC00C04DCC /* Preview Assets.xcassets in Resources */ = {isa = PBXBuildFile; fileRef = 9D4FF0D72B9344BC00C04DCC /* Preview Assets.xcassets */; };
		9D4FF0E12B93454D00C04DCC /* CustomDoCatchView.swift in Sources */ = {isa = PBXBuildFile; fileRef = 9D4FF0E02B93454D00C04DCC /* CustomDoCatchView.swift */; };
		9D4FF0E42B934BC400C04DCC /* CustomDownloadAyncImageView.swift in Sources */ = {isa = PBXBuildFile; fileRef = 9D4FF0E32B934BC400C04DCC /* CustomDownloadAyncImageView.swift */; };
		9D4FF0E62B93609800C04DCC /* CoordinatorView.swift in Sources */ = {isa = PBXBuildFile; fileRef = 9D4FF0E52B93609800C04DCC /* CoordinatorView.swift */; };
		9D4FF0E82B93613100C04DCC /* CustomAsyncAwaitView.swift in Sources */ = {isa = PBXBuildFile; fileRef = 9D4FF0E72B93613100C04DCC /* CustomAsyncAwaitView.swift */; };
		9D4FF0EA2B9367D700C04DCC /* CustomTaskView.swift in Sources */ = {isa = PBXBuildFile; fileRef = 9D4FF0E92B9367D700C04DCC /* CustomTaskView.swift */; };
		9D4FF0EC2B940F1800C04DCC /* CustomAsyncLetView.swift in Sources */ = {isa = PBXBuildFile; fileRef = 9D4FF0EB2B940F1800C04DCC /* CustomAsyncLetView.swift */; };
		9D4FF0EE2B94158A00C04DCC /* CustomTaskGroupView.swift in Sources */ = {isa = PBXBuildFile; fileRef = 9D4FF0ED2B94158A00C04DCC /* CustomTaskGroupView.swift */; };
		9D4FF0F02B94210300C04DCC /* CustomContinuationView.swift in Sources */ = {isa = PBXBuildFile; fileRef = 9D4FF0EF2B94210300C04DCC /* CustomContinuationView.swift */; };
		9D4FF0F22B9468F500C04DCC /* CustomActorView.swift in Sources */ = {isa = PBXBuildFile; fileRef = 9D4FF0F12B9468F500C04DCC /* CustomActorView.swift */; };
		9DE705EC2B9473C000CEAFC7 /* CustomGlobalActorView.swift in Sources */ = {isa = PBXBuildFile; fileRef = 9DE705EB2B9473C000CEAFC7 /* CustomGlobalActorView.swift */; };
		9DE705EE2B947F2C00CEAFC7 /* CustomSendableView.swift in Sources */ = {isa = PBXBuildFile; fileRef = 9DE705ED2B947F2C00CEAFC7 /* CustomSendableView.swift */; };
		9DE705F02B9483CF00CEAFC7 /* CustomAsyncPublisherView.swift in Sources */ = {isa = PBXBuildFile; fileRef = 9DE705EF2B9483CF00CEAFC7 /* CustomAsyncPublisherView.swift */; };
		9DE705F22B9489DE00CEAFC7 /* CustomReferenceView.swift in Sources */ = {isa = PBXBuildFile; fileRef = 9DE705F12B9489DE00CEAFC7 /* CustomReferenceView.swift */; };
		9DE705F42B948FB100CEAFC7 /* CustomAsyncStreamView.swift in Sources */ = {isa = PBXBuildFile; fileRef = 9DE705F32B948FB100CEAFC7 /* CustomAsyncStreamView.swift */; };
		9DE705F62B949FB100CEAFC7 /* CustomObservableView.swift in Sources */ = {isa = PBXBuildFile; fileRef = 9DE705F52B949FB100CEAFC7 /* CustomObservableView.swift */; };
/* End PBXBuildFile section */

/* Begin PBXFileReference section */
		9D4FF0CD2B9344BB00C04DCC /* ConcurrencyExample.app */ = {isa = PBXFileReference; explicitFileType = wrapper.application; includeInIndex = 0; path = ConcurrencyExample.app; sourceTree = BUILT_PRODUCTS_DIR; };
		9D4FF0D02B9344BB00C04DCC /* ConcurrencyExampleApp.swift */ = {isa = PBXFileReference; lastKnownFileType = sourcecode.swift; path = ConcurrencyExampleApp.swift; sourceTree = "<group>"; };
		9D4FF0D22B9344BB00C04DCC /* ContentView.swift */ = {isa = PBXFileReference; lastKnownFileType = sourcecode.swift; path = ContentView.swift; sourceTree = "<group>"; };
		9D4FF0D42B9344BC00C04DCC /* Assets.xcassets */ = {isa = PBXFileReference; lastKnownFileType = folder.assetcatalog; path = Assets.xcassets; sourceTree = "<group>"; };
		9D4FF0D72B9344BC00C04DCC /* Preview Assets.xcassets */ = {isa = PBXFileReference; lastKnownFileType = folder.assetcatalog; path = "Preview Assets.xcassets"; sourceTree = "<group>"; };
		9D4FF0E02B93454D00C04DCC /* CustomDoCatchView.swift */ = {isa = PBXFileReference; lastKnownFileType = sourcecode.swift; path = CustomDoCatchView.swift; sourceTree = "<group>"; };
		9D4FF0E32B934BC400C04DCC /* CustomDownloadAyncImageView.swift */ = {isa = PBXFileReference; lastKnownFileType = sourcecode.swift; path = CustomDownloadAyncImageView.swift; sourceTree = "<group>"; };
		9D4FF0E52B93609800C04DCC /* CoordinatorView.swift */ = {isa = PBXFileReference; lastKnownFileType = sourcecode.swift; path = CoordinatorView.swift; sourceTree = "<group>"; };
		9D4FF0E72B93613100C04DCC /* CustomAsyncAwaitView.swift */ = {isa = PBXFileReference; lastKnownFileType = sourcecode.swift; path = CustomAsyncAwaitView.swift; sourceTree = "<group>"; };
		9D4FF0E92B9367D700C04DCC /* CustomTaskView.swift */ = {isa = PBXFileReference; lastKnownFileType = sourcecode.swift; path = CustomTaskView.swift; sourceTree = "<group>"; };
		9D4FF0EB2B940F1800C04DCC /* CustomAsyncLetView.swift */ = {isa = PBXFileReference; lastKnownFileType = sourcecode.swift; path = CustomAsyncLetView.swift; sourceTree = "<group>"; };
		9D4FF0ED2B94158A00C04DCC /* CustomTaskGroupView.swift */ = {isa = PBXFileReference; lastKnownFileType = sourcecode.swift; path = CustomTaskGroupView.swift; sourceTree = "<group>"; };
		9D4FF0EF2B94210300C04DCC /* CustomContinuationView.swift */ = {isa = PBXFileReference; lastKnownFileType = sourcecode.swift; path = CustomContinuationView.swift; sourceTree = "<group>"; };
		9D4FF0F12B9468F500C04DCC /* CustomActorView.swift */ = {isa = PBXFileReference; lastKnownFileType = sourcecode.swift; path = CustomActorView.swift; sourceTree = "<group>"; };
		9DE705EB2B9473C000CEAFC7 /* CustomGlobalActorView.swift */ = {isa = PBXFileReference; lastKnownFileType = sourcecode.swift; path = CustomGlobalActorView.swift; sourceTree = "<group>"; };
		9DE705ED2B947F2C00CEAFC7 /* CustomSendableView.swift */ = {isa = PBXFileReference; lastKnownFileType = sourcecode.swift; path = CustomSendableView.swift; sourceTree = "<group>"; };
		9DE705EF2B9483CF00CEAFC7 /* CustomAsyncPublisherView.swift */ = {isa = PBXFileReference; lastKnownFileType = sourcecode.swift; path = CustomAsyncPublisherView.swift; sourceTree = "<group>"; };
		9DE705F12B9489DE00CEAFC7 /* CustomReferenceView.swift */ = {isa = PBXFileReference; lastKnownFileType = sourcecode.swift; path = CustomReferenceView.swift; sourceTree = "<group>"; };
		9DE705F32B948FB100CEAFC7 /* CustomAsyncStreamView.swift */ = {isa = PBXFileReference; lastKnownFileType = sourcecode.swift; path = CustomAsyncStreamView.swift; sourceTree = "<group>"; };
		9DE705F52B949FB100CEAFC7 /* CustomObservableView.swift */ = {isa = PBXFileReference; lastKnownFileType = sourcecode.swift; path = CustomObservableView.swift; sourceTree = "<group>"; };
/* End PBXFileReference section */

/* Begin PBXFrameworksBuildPhase section */
		9D4FF0CA2B9344BB00C04DCC /* Frameworks */ = {
			isa = PBXFrameworksBuildPhase;
			buildActionMask = 2147483647;
			files = (
			);
			runOnlyForDeploymentPostprocessing = 0;
		};
/* End PBXFrameworksBuildPhase section */

/* Begin PBXGroup section */
		9D4FF0C42B9344BB00C04DCC = {
			isa = PBXGroup;
			children = (
				9D4FF0CF2B9344BB00C04DCC /* ConcurrencyExample */,
				9D4FF0CE2B9344BB00C04DCC /* Products */,
			);
			sourceTree = "<group>";
		};
		9D4FF0CE2B9344BB00C04DCC /* Products */ = {
			isa = PBXGroup;
			children = (
				9D4FF0CD2B9344BB00C04DCC /* ConcurrencyExample.app */,
			);
			name = Products;
			sourceTree = "<group>";
		};
		9D4FF0CF2B9344BB00C04DCC /* ConcurrencyExample */ = {
			isa = PBXGroup;
			children = (
				9D4FF0DE2B93450100C04DCC /* MainResources */,
				9D4FF0DF2B93451300C04DCC /* Source */,
			);
			path = ConcurrencyExample;
			sourceTree = "<group>";
		};
		9D4FF0D62B9344BC00C04DCC /* Preview Content */ = {
			isa = PBXGroup;
			children = (
				9D4FF0D72B9344BC00C04DCC /* Preview Assets.xcassets */,
			);
			path = "Preview Content";
			sourceTree = "<group>";
		};
		9D4FF0DE2B93450100C04DCC /* MainResources */ = {
			isa = PBXGroup;
			children = (
				9D4FF0D02B9344BB00C04DCC /* ConcurrencyExampleApp.swift */,
				9D4FF0D42B9344BC00C04DCC /* Assets.xcassets */,
				9D4FF0D62B9344BC00C04DCC /* Preview Content */,
			);
			path = MainResources;
			sourceTree = "<group>";
		};
		9D4FF0DF2B93451300C04DCC /* Source */ = {
			isa = PBXGroup;
			children = (
				9D4FF0E22B93455400C04DCC /* Examples */,
				9D4FF0D22B9344BB00C04DCC /* ContentView.swift */,
			);
			path = Source;
			sourceTree = "<group>";
		};
		9D4FF0E22B93455400C04DCC /* Examples */ = {
			isa = PBXGroup;
			children = (
				9D4FF0E52B93609800C04DCC /* CoordinatorView.swift */,
				9D4FF0E02B93454D00C04DCC /* CustomDoCatchView.swift */,
				9D4FF0E32B934BC400C04DCC /* CustomDownloadAyncImageView.swift */,
				9D4FF0E72B93613100C04DCC /* CustomAsyncAwaitView.swift */,
				9D4FF0E92B9367D700C04DCC /* CustomTaskView.swift */,
				9D4FF0EB2B940F1800C04DCC /* CustomAsyncLetView.swift */,
				9D4FF0ED2B94158A00C04DCC /* CustomTaskGroupView.swift */,
				9D4FF0EF2B94210300C04DCC /* CustomContinuationView.swift */,
				9D4FF0F12B9468F500C04DCC /* CustomActorView.swift */,
				9DE705EB2B9473C000CEAFC7 /* CustomGlobalActorView.swift */,
				9DE705ED2B947F2C00CEAFC7 /* CustomSendableView.swift */,
				9DE705EF2B9483CF00CEAFC7 /* CustomAsyncPublisherView.swift */,
				9DE705F12B9489DE00CEAFC7 /* CustomReferenceView.swift */,
				9DE705F32B948FB100CEAFC7 /* CustomAsyncStreamView.swift */,
				9DE705F52B949FB100CEAFC7 /* CustomObservableView.swift */,
			);
			path = Examples;
			sourceTree = "<group>";
		};
/* End PBXGroup section */

/* Begin PBXNativeTarget section */
		9D4FF0CC2B9344BB00C04DCC /* ConcurrencyExample */ = {
			isa = PBXNativeTarget;
			buildConfigurationList = 9D4FF0DB2B9344BC00C04DCC /* Build configuration list for PBXNativeTarget "ConcurrencyExample" */;
			buildPhases = (
				9D4FF0C92B9344BB00C04DCC /* Sources */,
				9D4FF0CA2B9344BB00C04DCC /* Frameworks */,
				9D4FF0CB2B9344BB00C04DCC /* Resources */,
			);
			buildRules = (
			);
			dependencies = (
			);
			name = ConcurrencyExample;
			productName = ConcurrencyExample;
			productReference = 9D4FF0CD2B9344BB00C04DCC /* ConcurrencyExample.app */;
			productType = "com.apple.product-type.application";
		};
/* End PBXNativeTarget section */

/* Begin PBXProject section */
		9D4FF0C52B9344BB00C04DCC /* Project object */ = {
			isa = PBXProject;
			attributes = {
				BuildIndependentTargetsInParallel = 1;
				LastSwiftUpdateCheck = 1520;
				LastUpgradeCheck = 1520;
				TargetAttributes = {
					9D4FF0CC2B9344BB00C04DCC = {
						CreatedOnToolsVersion = 15.2;
					};
				};
			};
			buildConfigurationList = 9D4FF0C82B9344BB00C04DCC /* Build configuration list for PBXProject "ConcurrencyExample" */;
			compatibilityVersion = "Xcode 14.0";
			developmentRegion = en;
			hasScannedForEncodings = 0;
			knownRegions = (
				en,
				Base,
			);
			mainGroup = 9D4FF0C42B9344BB00C04DCC;
			productRefGroup = 9D4FF0CE2B9344BB00C04DCC /* Products */;
			projectDirPath = "";
			projectRoot = "";
			targets = (
				9D4FF0CC2B9344BB00C04DCC /* ConcurrencyExample */,
			);
		};
/* End PBXProject section */

/* Begin PBXResourcesBuildPhase section */
		9D4FF0CB2B9344BB00C04DCC /* Resources */ = {
			isa = PBXResourcesBuildPhase;
			buildActionMask = 2147483647;
			files = (
				9D4FF0D82B9344BC00C04DCC /* Preview Assets.xcassets in Resources */,
				9D4FF0D52B9344BC00C04DCC /* Assets.xcassets in Resources */,
			);
			runOnlyForDeploymentPostprocessing = 0;
		};
/* End PBXResourcesBuildPhase section */

/* Begin PBXSourcesBuildPhase section */
		9D4FF0C92B9344BB00C04DCC /* Sources */ = {
			isa = PBXSourcesBuildPhase;
			buildActionMask = 2147483647;
			files = (
				9D4FF0F22B9468F500C04DCC /* CustomActorView.swift in Sources */,
				9DE705F02B9483CF00CEAFC7 /* CustomAsyncPublisherView.swift in Sources */,
				9DE705F22B9489DE00CEAFC7 /* CustomReferenceView.swift in Sources */,
				9D4FF0F02B94210300C04DCC /* CustomContinuationView.swift in Sources */,
				9D4FF0E42B934BC400C04DCC /* CustomDownloadAyncImageView.swift in Sources */,
				9DE705EE2B947F2C00CEAFC7 /* CustomSendableView.swift in Sources */,
				9DE705F42B948FB100CEAFC7 /* CustomAsyncStreamView.swift in Sources */,
				9D4FF0E82B93613100C04DCC /* CustomAsyncAwaitView.swift in Sources */,
				9D4FF0E62B93609800C04DCC /* CoordinatorView.swift in Sources */,
				9D4FF0D32B9344BB00C04DCC /* ContentView.swift in Sources */,
				9DE705EC2B9473C000CEAFC7 /* CustomGlobalActorView.swift in Sources */,
				9D4FF0EC2B940F1800C04DCC /* CustomAsyncLetView.swift in Sources */,
				9D4FF0D12B9344BB00C04DCC /* ConcurrencyExampleApp.swift in Sources */,
				9D4FF0E12B93454D00C04DCC /* CustomDoCatchView.swift in Sources */,
				9D4FF0EA2B9367D700C04DCC /* CustomTaskView.swift in Sources */,
				9D4FF0EE2B94158A00C04DCC /* CustomTaskGroupView.swift in Sources */,
				9DE705F62B949FB100CEAFC7 /* CustomObservableView.swift in Sources */,
			);
			runOnlyForDeploymentPostprocessing = 0;
		};
/* End PBXSourcesBuildPhase section */

/* Begin XCBuildConfiguration section */
		9D4FF0D92B9344BC00C04DCC /* Debug */ = {
			isa = XCBuildConfiguration;
			buildSettings = {
				ALWAYS_SEARCH_USER_PATHS = NO;
				ASSETCATALOG_COMPILER_GENERATE_SWIFT_ASSET_SYMBOL_EXTENSIONS = YES;
				CLANG_ANALYZER_NONNULL = YES;
				CLANG_ANALYZER_NUMBER_OBJECT_CONVERSION = YES_AGGRESSIVE;
				CLANG_CXX_LANGUAGE_STANDARD = "gnu++20";
				CLANG_ENABLE_MODULES = YES;
				CLANG_ENABLE_OBJC_ARC = YES;
				CLANG_ENABLE_OBJC_WEAK = YES;
				CLANG_WARN_BLOCK_CAPTURE_AUTORELEASING = YES;
				CLANG_WARN_BOOL_CONVERSION = YES;
				CLANG_WARN_COMMA = YES;
				CLANG_WARN_CONSTANT_CONVERSION = YES;
				CLANG_WARN_DEPRECATED_OBJC_IMPLEMENTATIONS = YES;
				CLANG_WARN_DIRECT_OBJC_ISA_USAGE = YES_ERROR;
				CLANG_WARN_DOCUMENTATION_COMMENTS = YES;
				CLANG_WARN_EMPTY_BODY = YES;
				CLANG_WARN_ENUM_CONVERSION = YES;
				CLANG_WARN_INFINITE_RECURSION = YES;
				CLANG_WARN_INT_CONVERSION = YES;
				CLANG_WARN_NON_LITERAL_NULL_CONVERSION = YES;
				CLANG_WARN_OBJC_IMPLICIT_RETAIN_SELF = YES;
				CLANG_WARN_OBJC_LITERAL_CONVERSION = YES;
				CLANG_WARN_OBJC_ROOT_CLASS = YES_ERROR;
				CLANG_WARN_QUOTED_INCLUDE_IN_FRAMEWORK_HEADER = YES;
				CLANG_WARN_RANGE_LOOP_ANALYSIS = YES;
				CLANG_WARN_STRICT_PROTOTYPES = YES;
				CLANG_WARN_SUSPICIOUS_MOVE = YES;
				CLANG_WARN_UNGUARDED_AVAILABILITY = YES_AGGRESSIVE;
				CLANG_WARN_UNREACHABLE_CODE = YES;
				CLANG_WARN__DUPLICATE_METHOD_MATCH = YES;
				COPY_PHASE_STRIP = NO;
				DEBUG_INFORMATION_FORMAT = dwarf;
				ENABLE_STRICT_OBJC_MSGSEND = YES;
				ENABLE_TESTABILITY = YES;
				ENABLE_USER_SCRIPT_SANDBOXING = YES;
				GCC_C_LANGUAGE_STANDARD = gnu17;
				GCC_DYNAMIC_NO_PIC = NO;
				GCC_NO_COMMON_BLOCKS = YES;
				GCC_OPTIMIZATION_LEVEL = 0;
				GCC_PREPROCESSOR_DEFINITIONS = (
					"DEBUG=1",
					"$(inherited)",
				);
				GCC_WARN_64_TO_32_BIT_CONVERSION = YES;
				GCC_WARN_ABOUT_RETURN_TYPE = YES_ERROR;
				GCC_WARN_UNDECLARED_SELECTOR = YES;
				GCC_WARN_UNINITIALIZED_AUTOS = YES_AGGRESSIVE;
				GCC_WARN_UNUSED_FUNCTION = YES;
				GCC_WARN_UNUSED_VARIABLE = YES;
				IPHONEOS_DEPLOYMENT_TARGET = 16.0;
				LOCALIZATION_PREFERS_STRING_CATALOGS = YES;
				MTL_ENABLE_DEBUG_INFO = INCLUDE_SOURCE;
				MTL_FAST_MATH = YES;
				ONLY_ACTIVE_ARCH = YES;
				SDKROOT = iphoneos;
				SWIFT_ACTIVE_COMPILATION_CONDITIONS = "DEBUG $(inherited)";
				SWIFT_OPTIMIZATION_LEVEL = "-Onone";
			};
			name = Debug;
		};
		9D4FF0DA2B9344BC00C04DCC /* Release */ = {
			isa = XCBuildConfiguration;
			buildSettings = {
				ALWAYS_SEARCH_USER_PATHS = NO;
				ASSETCATALOG_COMPILER_GENERATE_SWIFT_ASSET_SYMBOL_EXTENSIONS = YES;
				CLANG_ANALYZER_NONNULL = YES;
				CLANG_ANALYZER_NUMBER_OBJECT_CONVERSION = YES_AGGRESSIVE;
				CLANG_CXX_LANGUAGE_STANDARD = "gnu++20";
				CLANG_ENABLE_MODULES = YES;
				CLANG_ENABLE_OBJC_ARC = YES;
				CLANG_ENABLE_OBJC_WEAK = YES;
				CLANG_WARN_BLOCK_CAPTURE_AUTORELEASING = YES;
				CLANG_WARN_BOOL_CONVERSION = YES;
				CLANG_WARN_COMMA = YES;
				CLANG_WARN_CONSTANT_CONVERSION = YES;
				CLANG_WARN_DEPRECATED_OBJC_IMPLEMENTATIONS = YES;
				CLANG_WARN_DIRECT_OBJC_ISA_USAGE = YES_ERROR;
				CLANG_WARN_DOCUMENTATION_COMMENTS = YES;
				CLANG_WARN_EMPTY_BODY = YES;
				CLANG_WARN_ENUM_CONVERSION = YES;
				CLANG_WARN_INFINITE_RECURSION = YES;
				CLANG_WARN_INT_CONVERSION = YES;
				CLANG_WARN_NON_LITERAL_NULL_CONVERSION = YES;
				CLANG_WARN_OBJC_IMPLICIT_RETAIN_SELF = YES;
				CLANG_WARN_OBJC_LITERAL_CONVERSION = YES;
				CLANG_WARN_OBJC_ROOT_CLASS = YES_ERROR;
				CLANG_WARN_QUOTED_INCLUDE_IN_FRAMEWORK_HEADER = YES;
				CLANG_WARN_RANGE_LOOP_ANALYSIS = YES;
				CLANG_WARN_STRICT_PROTOTYPES = YES;
				CLANG_WARN_SUSPICIOUS_MOVE = YES;
				CLANG_WARN_UNGUARDED_AVAILABILITY = YES_AGGRESSIVE;
				CLANG_WARN_UNREACHABLE_CODE = YES;
				CLANG_WARN__DUPLICATE_METHOD_MATCH = YES;
				COPY_PHASE_STRIP = NO;
				DEBUG_INFORMATION_FORMAT = "dwarf-with-dsym";
				ENABLE_NS_ASSERTIONS = NO;
				ENABLE_STRICT_OBJC_MSGSEND = YES;
				ENABLE_USER_SCRIPT_SANDBOXING = YES;
				GCC_C_LANGUAGE_STANDARD = gnu17;
				GCC_NO_COMMON_BLOCKS = YES;
				GCC_WARN_64_TO_32_BIT_CONVERSION = YES;
				GCC_WARN_ABOUT_RETURN_TYPE = YES_ERROR;
				GCC_WARN_UNDECLARED_SELECTOR = YES;
				GCC_WARN_UNINITIALIZED_AUTOS = YES_AGGRESSIVE;
				GCC_WARN_UNUSED_FUNCTION = YES;
				GCC_WARN_UNUSED_VARIABLE = YES;
				IPHONEOS_DEPLOYMENT_TARGET = 16.0;
				LOCALIZATION_PREFERS_STRING_CATALOGS = YES;
				MTL_ENABLE_DEBUG_INFO = NO;
				MTL_FAST_MATH = YES;
				SDKROOT = iphoneos;
				SWIFT_COMPILATION_MODE = wholemodule;
				VALIDATE_PRODUCT = YES;
			};
			name = Release;
		};
		9D4FF0DC2B9344BC00C04DCC /* Debug */ = {
			isa = XCBuildConfiguration;
			buildSettings = {
				ASSETCATALOG_COMPILER_APPICON_NAME = AppIcon;
				ASSETCATALOG_COMPILER_GLOBAL_ACCENT_COLOR_NAME = AccentColor;
				CODE_SIGN_STYLE = Automatic;
				CURRENT_PROJECT_VERSION = 1;
				DEVELOPMENT_ASSET_PATHS = "\"ConcurrencyExample/MainResources/Preview Content\"";
				ENABLE_PREVIEWS = YES;
				GENERATE_INFOPLIST_FILE = YES;
				INFOPLIST_KEY_UIApplicationSceneManifest_Generation = YES;
				INFOPLIST_KEY_UIApplicationSupportsIndirectInputEvents = YES;
				INFOPLIST_KEY_UILaunchScreen_Generation = YES;
				INFOPLIST_KEY_UISupportedInterfaceOrientations_iPad = "UIInterfaceOrientationPortrait UIInterfaceOrientationPortraitUpsideDown UIInterfaceOrientationLandscapeLeft UIInterfaceOrientationLandscapeRight";
				INFOPLIST_KEY_UISupportedInterfaceOrientations_iPhone = "UIInterfaceOrientationPortrait UIInterfaceOrientationLandscapeLeft UIInterfaceOrientationLandscapeRight";
				IPHONEOS_DEPLOYMENT_TARGET = 16.0;
				LD_RUNPATH_SEARCH_PATHS = (
					"$(inherited)",
					"@executable_path/Frameworks",
				);
				MARKETING_VERSION = 1.0;
				PRODUCT_BUNDLE_IDENTIFIER = com.maheshwaran.ConcurrencyExample;
				PRODUCT_NAME = "$(TARGET_NAME)";
				SWIFT_EMIT_LOC_STRINGS = YES;
				SWIFT_VERSION = 5.0;
				TARGETED_DEVICE_FAMILY = "1,2";
			};
			name = Debug;
		};
		9D4FF0DD2B9344BC00C04DCC /* Release */ = {
			isa = XCBuildConfiguration;
			buildSettings = {
				ASSETCATALOG_COMPILER_APPICON_NAME = AppIcon;
				ASSETCATALOG_COMPILER_GLOBAL_ACCENT_COLOR_NAME = AccentColor;
				CODE_SIGN_STYLE = Automatic;
				CURRENT_PROJECT_VERSION = 1;
				DEVELOPMENT_ASSET_PATHS = "\"ConcurrencyExample/MainResources/Preview Content\"";
				ENABLE_PREVIEWS = YES;
				GENERATE_INFOPLIST_FILE = YES;
				INFOPLIST_KEY_UIApplicationSceneManifest_Generation = YES;
				INFOPLIST_KEY_UIApplicationSupportsIndirectInputEvents = YES;
				INFOPLIST_KEY_UILaunchScreen_Generation = YES;
				INFOPLIST_KEY_UISupportedInterfaceOrientations_iPad = "UIInterfaceOrientationPortrait UIInterfaceOrientationPortraitUpsideDown UIInterfaceOrientationLandscapeLeft UIInterfaceOrientationLandscapeRight";
				INFOPLIST_KEY_UISupportedInterfaceOrientations_iPhone = "UIInterfaceOrientationPortrait UIInterfaceOrientationLandscapeLeft UIInterfaceOrientationLandscapeRight";
				IPHONEOS_DEPLOYMENT_TARGET = 16.0;
				LD_RUNPATH_SEARCH_PATHS = (
					"$(inherited)",
					"@executable_path/Frameworks",
				);
				MARKETING_VERSION = 1.0;
				PRODUCT_BUNDLE_IDENTIFIER = com.maheshwaran.ConcurrencyExample;
				PRODUCT_NAME = "$(TARGET_NAME)";
				SWIFT_EMIT_LOC_STRINGS = YES;
				SWIFT_VERSION = 5.0;
				TARGETED_DEVICE_FAMILY = "1,2";
			};
			name = Release;
		};
/* End XCBuildConfiguration section */

/* Begin XCConfigurationList section */
		9D4FF0C82B9344BB00C04DCC /* Build configuration list for PBXProject "ConcurrencyExample" */ = {
			isa = XCConfigurationList;
			buildConfigurations = (
				9D4FF0D92B9344BC00C04DCC /* Debug */,
				9D4FF0DA2B9344BC00C04DCC /* Release */,
			);
			defaultConfigurationIsVisible = 0;
			defaultConfigurationName = Release;
		};
		9D4FF0DB2B9344BC00C04DCC /* Build configuration list for PBXNativeTarget "ConcurrencyExample" */ = {
			isa = XCConfigurationList;
			buildConfigurations = (
				9D4FF0DC2B9344BC00C04DCC /* Debug */,
				9D4FF0DD2B9344BC00C04DCC /* Release */,
			);
			defaultConfigurationIsVisible = 0;
			defaultConfigurationName = Release;
		};
/* End XCConfigurationList section */
	};
	rootObject = 9D4FF0C52B9344BB00C04DCC /* Project object */;
}
